
Microsoft Visual Studio Solution File, Format Version 12.00
# Visual Studio Version 16
VisualStudioVersion = 16.0.30517.126
MinimumVisualStudioVersion = 10.0.40219.1
Project("{FAE04EC0-301F-11D3-BF4B-00C04F79EFBC}") = "MovieWPF", "MovieWPF.csproj", "{683F19CE-FA59-464A-995B-69EE55FBCB1D}"
EndProject
Project("{FAE04EC0-301F-11D3-BF4B-00C04F79EFBC}") = "APILibrary", "..\APILibrary\APILibrary.csproj", "{5A135C75-E794-4CE5-8BC3-EF1141465DFE}"
EndProject
Global
	GlobalSection(SolutionConfigurationPlatforms) = preSolution
		Debug|Any CPU = Debug|Any CPU
		Release|Any CPU = Release|Any CPU
	EndGlobalSection
	GlobalSection(ProjectConfigurationPlatforms) = postSolution
		{683F19CE-FA59-464A-995B-69EE55FBCB1D}.Debug|Any CPU.ActiveCfg = Debug|Any CPU
		{683F19CE-FA59-464A-995B-69EE55FBCB1D}.Debug|Any CPU.Build.0 = Debug|Any CPU
		{683F19CE-FA59-464A-995B-69EE55FBCB1D}.Release|Any CPU.ActiveCfg = Release|Any CPU
		{683F19CE-FA59-464A-995B-69EE55FBCB1D}.Release|Any CPU.Build.0 = Release|Any CPU
		{5A135C75-E794-4CE5-8BC3-EF1141465DFE}.Debug|Any CPU.ActiveCfg = Debug|Any CPU
		{5A135C75-E794-4CE5-8BC3-EF1141465DFE}.Debug|Any CPU.Build.0 = Debug|Any CPU
		{5A135C75-E794-4CE5-8BC3-EF1141465DFE}.Release|Any CPU.ActiveCfg = Release|Any CPU
		{5A135C75-E794-4CE5-8BC3-EF1141465DFE}.Release|Any CPU.Build.0 = Release|Any CPU
	EndGlobalSection
	GlobalSection(SolutionProperties) = preSolution
		HideSolutionNode = FALSE
	EndGlobalSection
	GlobalSection(ExtensibilityGlobals) = postSolution
		SolutionGuid = {FA868C55-E143-4E44-B68B-56D8D6BA1875}
	EndGlobalSection
EndGlobal
